
Microsoft Visual Studio Solution File, Format Version 12.00
# Visual Studio 14
VisualStudioVersion = 14.0.25420.1
MinimumVisualStudioVersion = 10.0.40219.1
Project("{2150E333-8FDC-42A3-9474-1A3956D46DE8}") = "src", "src", "{EE98356F-3288-4351-A215-3080E2AB411B}"
EndProject
Project("{2150E333-8FDC-42A3-9474-1A3956D46DE8}") = "Solution Items", "Solution Items", "{776277DB-8B25-4843-959C-B524458F92B5}"
	ProjectSection(SolutionItems) = preProject
		global.json = global.json
	EndProjectSection
EndProject
Project("{2150E333-8FDC-42A3-9474-1A3956D46DE8}") = "Structure", "Structure", "{3695E5D6-E8D0-40A2-A930-31B0468833AC}"
EndProject
Project("{2150E333-8FDC-42A3-9474-1A3956D46DE8}") = "Traffic", "Traffic", "{FCBBC9E8-D183-4CB2-9D91-DA9CE268DA4F}"
EndProject
Project("{8BB2217D-0F2D-49D1-97BC-3654ED321F3B}") = "ML.Lift.Traffic.Abstractions", "src\ML.Lift.Traffic.Abstractions\ML.Lift.Traffic.Abstractions.xproj", "{9396844F-FF35-4EBC-A4E1-7EB40AC287EA}"
EndProject
Project("{8BB2217D-0F2D-49D1-97BC-3654ED321F3B}") = "ML.Lift.Traffic.Composition", "src\ML.Lift.Traffic.Composition\ML.Lift.Traffic.Composition.xproj", "{F9CC98A2-33D3-4A43-923C-29161116A7E7}"
EndProject
Project("{8BB2217D-0F2D-49D1-97BC-3654ED321F3B}") = "ML.Lift.Traffic.Domain", "src\ML.Lift.Traffic.Domain\ML.Lift.Traffic.Domain.xproj", "{EB48A012-A56D-4077-A5A1-15F1C0A4C016}"
EndProject
Project("{8BB2217D-0F2D-49D1-97BC-3654ED321F3B}") = "ML.Lift.Traffic.Proxies", "src\ML.Lift.Traffic.Proxies\ML.Lift.Traffic.Proxies.xproj", "{632AD300-7113-4BE4-B2F1-CCDBD0B07BB0}"
EndProject
Project("{8BB2217D-0F2D-49D1-97BC-3654ED321F3B}") = "ML.Lift.Traffic.Repositories", "src\ML.Lift.Traffic.Repositories\ML.Lift.Traffic.Repositories.xproj", "{329624DC-EE3F-4E84-AFAF-5F36314A840A}"
EndProject
Project("{8BB2217D-0F2D-49D1-97BC-3654ED321F3B}") = "ML.Lift.Traffic.Utils", "src\ML.Lift.Traffic.Utils\ML.Lift.Traffic.Utils.xproj", "{F9B037E3-344F-46C7-8C47-C90A81459F95}"
EndProject
Project("{8BB2217D-0F2D-49D1-97BC-3654ED321F3B}") = "ML.Lift.Traffic.Api.v1", "src\ML.Lift.Traffic.Api.v1\ML.Lift.Traffic.Api.v1.xproj", "{B4EE4F05-4E7F-4A8D-B7A6-801750E0D40A}"
EndProject
Project("{2150E333-8FDC-42A3-9474-1A3956D46DE8}") = "CallBoxes", "CallBoxes", "{FBC98ED7-3146-49EF-89E4-3FD275F92B5C}"
EndProject
Project("{8BB2217D-0F2D-49D1-97BC-3654ED321F3B}") = "ML.Lift.CarBox.Abstractions", "src\ML.Lift.CarBox.Abstractions\ML.Lift.CarBox.Abstractions.xproj", "{57E6F55C-4D11-4192-8AF4-4A87AEB80A38}"
EndProject
Project("{8BB2217D-0F2D-49D1-97BC-3654ED321F3B}") = "ML.Lift.CarBox.Composition", "src\ML.Lift.CarBox.Composition\ML.Lift.CarBox.Composition.xproj", "{6D9EB9ED-8DCC-4347-B677-033D7BACB082}"
EndProject
Project("{8BB2217D-0F2D-49D1-97BC-3654ED321F3B}") = "ML.Lift.CarBox.Domain", "src\ML.Lift.CarBox.Domain\ML.Lift.CarBox.Domain.xproj", "{4EEB19C4-571D-4C56-8E59-843D51846229}"
EndProject
Project("{8BB2217D-0F2D-49D1-97BC-3654ED321F3B}") = "ML.Lift.CarBox.Repositories", "src\ML.Lift.CarBox.Repositories\ML.Lift.CarBox.Repositories.xproj", "{46025FF0-4351-4C45-9A16-C34749B4995C}"
EndProject
Project("{8BB2217D-0F2D-49D1-97BC-3654ED321F3B}") = "ML.Lift.CarBox.Utils", "src\ML.Lift.CarBox.Utils\ML.Lift.CarBox.Utils.xproj", "{E8A2F2CB-BE96-404B-A7DB-0F6DF84562C7}"
EndProject
Project("{8BB2217D-0F2D-49D1-97BC-3654ED321F3B}") = "ML.Lift.CarBox.Client", "src\ML.Lift.CarBox.Client\ML.Lift.CarBox.Client.xproj", "{C612A708-488D-437F-84DF-EEE8D6A5E501}"
EndProject
Project("{2150E333-8FDC-42A3-9474-1A3956D46DE8}") = "CarBox", "CarBox", "{226C859D-2B6F-4A8F-9856-26673D32CB85}"
EndProject
Project("{8BB2217D-0F2D-49D1-97BC-3654ED321F3B}") = "ML.Lift.CarBox.Proxies", "src\ML.Lift.CarBox.Proxies\ML.Lift.CarBox.Proxies.xproj", "{AFF2AA23-A32B-4278-A3F0-B00BCEAAD03C}"
EndProject
Project("{8BB2217D-0F2D-49D1-97BC-3654ED321F3B}") = "ML.Lift.CarBox.Api.v1", "src\ML.Lift.CarBox.Api.v1\ML.Lift.CarBox.Api.v1.xproj", "{1F81FE7F-EF0C-47EF-8D8E-BD6D1CBE6006}"
EndProject
Project("{8BB2217D-0F2D-49D1-97BC-3654ED321F3B}") = "ML.Lift.Car.Abstractions", "src\ML.Lift.Car.Abstractions\ML.Lift.Car.Abstractions.xproj", "{B408D6BD-3BCF-4573-82EA-4DDB85F96419}"
EndProject
Project("{8BB2217D-0F2D-49D1-97BC-3654ED321F3B}") = "ML.Lift.Car.Domain", "src\ML.Lift.Car.Domain\ML.Lift.Car.Domain.xproj", "{7461B26B-BB44-4BAD-A9CA-B311B0DC88A2}"
EndProject
Project("{8BB2217D-0F2D-49D1-97BC-3654ED321F3B}") = "ML.Lift.Car.Repositories", "src\ML.Lift.Car.Repositories\ML.Lift.Car.Repositories.xproj", "{491B79AF-F0AE-40E9-AB4D-3E0B973703BE}"
EndProject
Project("{8BB2217D-0F2D-49D1-97BC-3654ED321F3B}") = "ML.Lift.Car.Utils", "src\ML.Lift.Car.Utils\ML.Lift.Car.Utils.xproj", "{5A61FDC9-499A-447D-B90F-16B74E67052A}"
EndProject
Project("{8BB2217D-0F2D-49D1-97BC-3654ED321F3B}") = "ML.Lift.Car.Composition", "src\ML.Lift.Car.Composition\ML.Lift.Car.Composition.xproj", "{D4E55874-3704-4A24-8716-6C87AC55CB7F}"
EndProject
Project("{8BB2217D-0F2D-49D1-97BC-3654ED321F3B}") = "ML.Lift.Car.Proxies", "src\ML.Lift.Car.Proxies\ML.Lift.Car.Proxies.xproj", "{FCAC04FF-1ACE-4417-87C2-2E5626436E28}"
EndProject
Project("{8BB2217D-0F2D-49D1-97BC-3654ED321F3B}") = "ML.Lift.Car.Api.v1", "src\ML.Lift.Car.Api.v1\ML.Lift.Car.Api.v1.xproj", "{3B4100D3-4AA7-4BC2-BB98-175CEAF4E70F}"
EndProject
Project("{2150E333-8FDC-42A3-9474-1A3956D46DE8}") = "Car", "Car", "{A0F21E5A-C5AE-4DD2-BD75-AF409E751D28}"
EndProject
Project("{8BB2217D-0F2D-49D1-97BC-3654ED321F3B}") = "ML.Lift.Structure.Api.v1", "src\ML.Lift.Structure.Api.v1\ML.Lift.Structure.Api.v1.xproj", "{2BFC5718-25BD-4618-93F9-199F30694853}"
EndProject
Project("{8BB2217D-0F2D-49D1-97BC-3654ED321F3B}") = "ML.Lift.Structure.Abstractions", "src\ML.Lift.Structure.Abstractions\ML.Lift.Structure.Abstractions.xproj", "{28A1F049-7F47-465F-A9E6-94F36DCF80C6}"
EndProject
Project("{8BB2217D-0F2D-49D1-97BC-3654ED321F3B}") = "ML.Lift.Structure.Composition", "src\ML.Lift.Structure.Composition\ML.Lift.Structure.Composition.xproj", "{EF152A0B-C8FD-4D8C-947B-4E34AFCF5996}"
EndProject
Project("{8BB2217D-0F2D-49D1-97BC-3654ED321F3B}") = "ML.Lift.Structure.Domain", "src\ML.Lift.Structure.Domain\ML.Lift.Structure.Domain.xproj", "{94176487-E6D0-4CA4-8A5F-E2A8F4CFC9F4}"
EndProject
Project("{8BB2217D-0F2D-49D1-97BC-3654ED321F3B}") = "ML.Lift.Structure.Proxies", "src\ML.Lift.Structure.Proxies\ML.Lift.Structure.Proxies.xproj", "{1DE0EE2C-AAD8-4D1B-962C-A0BEB0BDB3DE}"
EndProject
Project("{8BB2217D-0F2D-49D1-97BC-3654ED321F3B}") = "ML.Lift.Structure.Repositories", "src\ML.Lift.Structure.Repositories\ML.Lift.Structure.Repositories.xproj", "{42EEB31A-D473-487B-ACAD-24CB28277F96}"
EndProject
Project("{8BB2217D-0F2D-49D1-97BC-3654ED321F3B}") = "ML.Lift.Structure.Utils", "src\ML.Lift.Structure.Utils\ML.Lift.Structure.Utils.xproj", "{6A79729E-355A-4F47-8A50-1AFDDFB17649}"
EndProject
Project("{8BB2217D-0F2D-49D1-97BC-3654ED321F3B}") = "ML.Lift.Car.Client", "src\ML.Lift.Car.Client\ML.Lift.Car.Client.xproj", "{47A8B5DB-DB55-4E49-8D19-F58C1C618807}"
EndProject
Project("{8BB2217D-0F2D-49D1-97BC-3654ED321F3B}") = "ML.Lift.Traffic.Client", "src\ML.Lift.Traffic.Client\ML.Lift.Traffic.Client.xproj", "{42BB5DEA-E33B-40D1-ACEA-0DE636E4FA67}"
EndProject
Project("{8BB2217D-0F2D-49D1-97BC-3654ED321F3B}") = "ML.Lift.Structure.Client", "src\ML.Lift.Structure.Client\ML.Lift.Structure.Client.xproj", "{58BF0946-478E-4BE8-AD7C-27FA99ABB566}"
EndProject
Project("{8BB2217D-0F2D-49D1-97BC-3654ED321F3B}") = "ML.Lift.Common.Abstractions", "src\ML.Lift.Common.Abstractions\ML.Lift.Common.Abstractions.xproj", "{9430F627-5D11-41B5-ADD1-05D29FD0D661}"
EndProject
Project("{8BB2217D-0F2D-49D1-97BC-3654ED321F3B}") = "ML.Lift.Structure.FakeRepositories", "src\ML.Lift.Structure.FakeRepositories\ML.Lift.Structure.FakeRepositories.xproj", "{19727EB5-9AB4-4504-BB48-B24563572384}"
EndProject
Project("{8BB2217D-0F2D-49D1-97BC-3654ED321F3B}") = "ML.Lift.CallBoxes.Abstractions", "src\ML.Lift.CallBoxes.Abstractions\ML.Lift.CallBoxes.Abstractions.xproj", "{226196DF-D156-477F-9BFE-F2F85286BB53}"
EndProject
Project("{8BB2217D-0F2D-49D1-97BC-3654ED321F3B}") = "ML.Lift.CallBoxes.Composition", "src\ML.Lift.CallBoxes.Composition\ML.Lift.CallBoxes.Composition.xproj", "{7E9DEF4F-BE73-4676-9438-D76AB2BCCCED}"
EndProject
Project("{8BB2217D-0F2D-49D1-97BC-3654ED321F3B}") = "ML.Lift.CallBoxes.Domain", "src\ML.Lift.CallBoxes.Domain\ML.Lift.CallBoxes.Domain.xproj", "{6ED64B6E-AFA4-40A2-A714-BDF62DBAD71D}"
EndProject
Project("{8BB2217D-0F2D-49D1-97BC-3654ED321F3B}") = "ML.Lift.CallBoxes.Repositories", "src\ML.Lift.CallBoxes.Repositories\ML.Lift.CallBoxes.Repositories.xproj", "{CA12525C-BD0C-4E23-B5DA-CD928159B3CA}"
EndProject
Project("{8BB2217D-0F2D-49D1-97BC-3654ED321F3B}") = "ML.Lift.CallBoxes.Utils", "src\ML.Lift.CallBoxes.Utils\ML.Lift.CallBoxes.Utils.xproj", "{971DE9DD-FCAF-47B2-AC63-31327C649476}"
EndProject
Project("{2150E333-8FDC-42A3-9474-1A3956D46DE8}") = "test", "test", "{813C2CAA-98DE-4B5E-AA11-048ACB3D8B73}"
EndProject
Project("{8BB2217D-0F2D-49D1-97BC-3654ED321F3B}") = "ML.Lift.Common.Domain", "src\ML.Lift.Common.Domain\ML.Lift.Common.Domain.xproj", "{B339AA0E-4A95-4618-9504-3274FFF21931}"
EndProject
Project("{2150E333-8FDC-42A3-9474-1A3956D46DE8}") = "Common", "Common", "{163F122E-1755-4533-908F-58700209AEE2}"
EndProject
Project("{8BB2217D-0F2D-49D1-97BC-3654ED321F3B}") = "ML.Lift.CallBoxes.Proxies", "src\ML.Lift.CallBoxes.Proxies\ML.Lift.CallBoxes.Proxies.xproj", "{1441FDF9-2388-4329-8582-848489086389}"
EndProject
Project("{8BB2217D-0F2D-49D1-97BC-3654ED321F3B}") = "ML.Lift.CallBoxes.Client", "src\ML.Lift.CallBoxes.Client\ML.Lift.CallBoxes.Client.xproj", "{E9E39408-79F2-4629-97EE-0B61B60562C9}"
EndProject
Project("{8BB2217D-0F2D-49D1-97BC-3654ED321F3B}") = "ML.Lift.CallBoxes.Api.v1", "src\ML.Lift.CallBoxes.Api.v1\ML.Lift.CallBoxes.Api.v1.xproj", "{B2E2BEFF-5E9C-485A-BE0C-DDC4F203A2E8}"
EndProject
Global
	GlobalSection(SolutionConfigurationPlatforms) = preSolution
		Debug|Any CPU = Debug|Any CPU
		Release|Any CPU = Release|Any CPU
	EndGlobalSection
	GlobalSection(ProjectConfigurationPlatforms) = postSolution
		{9396844F-FF35-4EBC-A4E1-7EB40AC287EA}.Debug|Any CPU.ActiveCfg = Debug|Any CPU
		{9396844F-FF35-4EBC-A4E1-7EB40AC287EA}.Debug|Any CPU.Build.0 = Debug|Any CPU
		{9396844F-FF35-4EBC-A4E1-7EB40AC287EA}.Release|Any CPU.ActiveCfg = Release|Any CPU
		{9396844F-FF35-4EBC-A4E1-7EB40AC287EA}.Release|Any CPU.Build.0 = Release|Any CPU
		{F9CC98A2-33D3-4A43-923C-29161116A7E7}.Debug|Any CPU.ActiveCfg = Debug|Any CPU
		{F9CC98A2-33D3-4A43-923C-29161116A7E7}.Debug|Any CPU.Build.0 = Debug|Any CPU
		{F9CC98A2-33D3-4A43-923C-29161116A7E7}.Release|Any CPU.ActiveCfg = Release|Any CPU
		{F9CC98A2-33D3-4A43-923C-29161116A7E7}.Release|Any CPU.Build.0 = Release|Any CPU
		{EB48A012-A56D-4077-A5A1-15F1C0A4C016}.Debug|Any CPU.ActiveCfg = Debug|Any CPU
		{EB48A012-A56D-4077-A5A1-15F1C0A4C016}.Debug|Any CPU.Build.0 = Debug|Any CPU
		{EB48A012-A56D-4077-A5A1-15F1C0A4C016}.Release|Any CPU.ActiveCfg = Release|Any CPU
		{EB48A012-A56D-4077-A5A1-15F1C0A4C016}.Release|Any CPU.Build.0 = Release|Any CPU
		{632AD300-7113-4BE4-B2F1-CCDBD0B07BB0}.Debug|Any CPU.ActiveCfg = Debug|Any CPU
		{632AD300-7113-4BE4-B2F1-CCDBD0B07BB0}.Debug|Any CPU.Build.0 = Debug|Any CPU
		{632AD300-7113-4BE4-B2F1-CCDBD0B07BB0}.Release|Any CPU.ActiveCfg = Release|Any CPU
		{632AD300-7113-4BE4-B2F1-CCDBD0B07BB0}.Release|Any CPU.Build.0 = Release|Any CPU
		{329624DC-EE3F-4E84-AFAF-5F36314A840A}.Debug|Any CPU.ActiveCfg = Debug|Any CPU
		{329624DC-EE3F-4E84-AFAF-5F36314A840A}.Debug|Any CPU.Build.0 = Debug|Any CPU
		{329624DC-EE3F-4E84-AFAF-5F36314A840A}.Release|Any CPU.ActiveCfg = Release|Any CPU
		{329624DC-EE3F-4E84-AFAF-5F36314A840A}.Release|Any CPU.Build.0 = Release|Any CPU
		{F9B037E3-344F-46C7-8C47-C90A81459F95}.Debug|Any CPU.ActiveCfg = Debug|Any CPU
		{F9B037E3-344F-46C7-8C47-C90A81459F95}.Debug|Any CPU.Build.0 = Debug|Any CPU
		{F9B037E3-344F-46C7-8C47-C90A81459F95}.Release|Any CPU.ActiveCfg = Release|Any CPU
		{F9B037E3-344F-46C7-8C47-C90A81459F95}.Release|Any CPU.Build.0 = Release|Any CPU
		{B4EE4F05-4E7F-4A8D-B7A6-801750E0D40A}.Debug|Any CPU.ActiveCfg = Debug|Any CPU
		{B4EE4F05-4E7F-4A8D-B7A6-801750E0D40A}.Debug|Any CPU.Build.0 = Debug|Any CPU
		{B4EE4F05-4E7F-4A8D-B7A6-801750E0D40A}.Release|Any CPU.ActiveCfg = Release|Any CPU
		{B4EE4F05-4E7F-4A8D-B7A6-801750E0D40A}.Release|Any CPU.Build.0 = Release|Any CPU
		{57E6F55C-4D11-4192-8AF4-4A87AEB80A38}.Debug|Any CPU.ActiveCfg = Debug|Any CPU
		{57E6F55C-4D11-4192-8AF4-4A87AEB80A38}.Debug|Any CPU.Build.0 = Debug|Any CPU
		{57E6F55C-4D11-4192-8AF4-4A87AEB80A38}.Release|Any CPU.ActiveCfg = Release|Any CPU
		{57E6F55C-4D11-4192-8AF4-4A87AEB80A38}.Release|Any CPU.Build.0 = Release|Any CPU
		{6D9EB9ED-8DCC-4347-B677-033D7BACB082}.Debug|Any CPU.ActiveCfg = Debug|Any CPU
		{6D9EB9ED-8DCC-4347-B677-033D7BACB082}.Debug|Any CPU.Build.0 = Debug|Any CPU
		{6D9EB9ED-8DCC-4347-B677-033D7BACB082}.Release|Any CPU.ActiveCfg = Release|Any CPU
		{6D9EB9ED-8DCC-4347-B677-033D7BACB082}.Release|Any CPU.Build.0 = Release|Any CPU
		{4EEB19C4-571D-4C56-8E59-843D51846229}.Debug|Any CPU.ActiveCfg = Debug|Any CPU
		{4EEB19C4-571D-4C56-8E59-843D51846229}.Debug|Any CPU.Build.0 = Debug|Any CPU
		{4EEB19C4-571D-4C56-8E59-843D51846229}.Release|Any CPU.ActiveCfg = Release|Any CPU
		{4EEB19C4-571D-4C56-8E59-843D51846229}.Release|Any CPU.Build.0 = Release|Any CPU
		{46025FF0-4351-4C45-9A16-C34749B4995C}.Debug|Any CPU.ActiveCfg = Debug|Any CPU
		{46025FF0-4351-4C45-9A16-C34749B4995C}.Debug|Any CPU.Build.0 = Debug|Any CPU
		{46025FF0-4351-4C45-9A16-C34749B4995C}.Release|Any CPU.ActiveCfg = Release|Any CPU
		{46025FF0-4351-4C45-9A16-C34749B4995C}.Release|Any CPU.Build.0 = Release|Any CPU
		{E8A2F2CB-BE96-404B-A7DB-0F6DF84562C7}.Debug|Any CPU.ActiveCfg = Debug|Any CPU
		{E8A2F2CB-BE96-404B-A7DB-0F6DF84562C7}.Debug|Any CPU.Build.0 = Debug|Any CPU
		{E8A2F2CB-BE96-404B-A7DB-0F6DF84562C7}.Release|Any CPU.ActiveCfg = Release|Any CPU
		{E8A2F2CB-BE96-404B-A7DB-0F6DF84562C7}.Release|Any CPU.Build.0 = Release|Any CPU
		{C612A708-488D-437F-84DF-EEE8D6A5E501}.Debug|Any CPU.ActiveCfg = Debug|Any CPU
		{C612A708-488D-437F-84DF-EEE8D6A5E501}.Debug|Any CPU.Build.0 = Debug|Any CPU
		{C612A708-488D-437F-84DF-EEE8D6A5E501}.Release|Any CPU.ActiveCfg = Release|Any CPU
		{C612A708-488D-437F-84DF-EEE8D6A5E501}.Release|Any CPU.Build.0 = Release|Any CPU
		{AFF2AA23-A32B-4278-A3F0-B00BCEAAD03C}.Debug|Any CPU.ActiveCfg = Debug|Any CPU
		{AFF2AA23-A32B-4278-A3F0-B00BCEAAD03C}.Debug|Any CPU.Build.0 = Debug|Any CPU
		{AFF2AA23-A32B-4278-A3F0-B00BCEAAD03C}.Release|Any CPU.ActiveCfg = Release|Any CPU
		{AFF2AA23-A32B-4278-A3F0-B00BCEAAD03C}.Release|Any CPU.Build.0 = Release|Any CPU
		{1F81FE7F-EF0C-47EF-8D8E-BD6D1CBE6006}.Debug|Any CPU.ActiveCfg = Debug|Any CPU
		{1F81FE7F-EF0C-47EF-8D8E-BD6D1CBE6006}.Debug|Any CPU.Build.0 = Debug|Any CPU
		{1F81FE7F-EF0C-47EF-8D8E-BD6D1CBE6006}.Release|Any CPU.ActiveCfg = Release|Any CPU
		{1F81FE7F-EF0C-47EF-8D8E-BD6D1CBE6006}.Release|Any CPU.Build.0 = Release|Any CPU
		{B408D6BD-3BCF-4573-82EA-4DDB85F96419}.Debug|Any CPU.ActiveCfg = Debug|Any CPU
		{B408D6BD-3BCF-4573-82EA-4DDB85F96419}.Debug|Any CPU.Build.0 = Debug|Any CPU
		{B408D6BD-3BCF-4573-82EA-4DDB85F96419}.Release|Any CPU.ActiveCfg = Release|Any CPU
		{B408D6BD-3BCF-4573-82EA-4DDB85F96419}.Release|Any CPU.Build.0 = Release|Any CPU
		{7461B26B-BB44-4BAD-A9CA-B311B0DC88A2}.Debug|Any CPU.ActiveCfg = Debug|Any CPU
		{7461B26B-BB44-4BAD-A9CA-B311B0DC88A2}.Debug|Any CPU.Build.0 = Debug|Any CPU
		{7461B26B-BB44-4BAD-A9CA-B311B0DC88A2}.Release|Any CPU.ActiveCfg = Release|Any CPU
		{7461B26B-BB44-4BAD-A9CA-B311B0DC88A2}.Release|Any CPU.Build.0 = Release|Any CPU
		{491B79AF-F0AE-40E9-AB4D-3E0B973703BE}.Debug|Any CPU.ActiveCfg = Debug|Any CPU
		{491B79AF-F0AE-40E9-AB4D-3E0B973703BE}.Debug|Any CPU.Build.0 = Debug|Any CPU
		{491B79AF-F0AE-40E9-AB4D-3E0B973703BE}.Release|Any CPU.ActiveCfg = Release|Any CPU
		{491B79AF-F0AE-40E9-AB4D-3E0B973703BE}.Release|Any CPU.Build.0 = Release|Any CPU
		{5A61FDC9-499A-447D-B90F-16B74E67052A}.Debug|Any CPU.ActiveCfg = Debug|Any CPU
		{5A61FDC9-499A-447D-B90F-16B74E67052A}.Debug|Any CPU.Build.0 = Debug|Any CPU
		{5A61FDC9-499A-447D-B90F-16B74E67052A}.Release|Any CPU.ActiveCfg = Release|Any CPU
		{5A61FDC9-499A-447D-B90F-16B74E67052A}.Release|Any CPU.Build.0 = Release|Any CPU
		{D4E55874-3704-4A24-8716-6C87AC55CB7F}.Debug|Any CPU.ActiveCfg = Debug|Any CPU
		{D4E55874-3704-4A24-8716-6C87AC55CB7F}.Debug|Any CPU.Build.0 = Debug|Any CPU
		{D4E55874-3704-4A24-8716-6C87AC55CB7F}.Release|Any CPU.ActiveCfg = Release|Any CPU
		{D4E55874-3704-4A24-8716-6C87AC55CB7F}.Release|Any CPU.Build.0 = Release|Any CPU
		{FCAC04FF-1ACE-4417-87C2-2E5626436E28}.Debug|Any CPU.ActiveCfg = Debug|Any CPU
		{FCAC04FF-1ACE-4417-87C2-2E5626436E28}.Debug|Any CPU.Build.0 = Debug|Any CPU
		{FCAC04FF-1ACE-4417-87C2-2E5626436E28}.Release|Any CPU.ActiveCfg = Release|Any CPU
		{FCAC04FF-1ACE-4417-87C2-2E5626436E28}.Release|Any CPU.Build.0 = Release|Any CPU
		{3B4100D3-4AA7-4BC2-BB98-175CEAF4E70F}.Debug|Any CPU.ActiveCfg = Debug|Any CPU
		{3B4100D3-4AA7-4BC2-BB98-175CEAF4E70F}.Debug|Any CPU.Build.0 = Debug|Any CPU
		{3B4100D3-4AA7-4BC2-BB98-175CEAF4E70F}.Release|Any CPU.ActiveCfg = Release|Any CPU
		{3B4100D3-4AA7-4BC2-BB98-175CEAF4E70F}.Release|Any CPU.Build.0 = Release|Any CPU
		{2BFC5718-25BD-4618-93F9-199F30694853}.Debug|Any CPU.ActiveCfg = Debug|Any CPU
		{2BFC5718-25BD-4618-93F9-199F30694853}.Debug|Any CPU.Build.0 = Debug|Any CPU
		{2BFC5718-25BD-4618-93F9-199F30694853}.Release|Any CPU.ActiveCfg = Release|Any CPU
		{2BFC5718-25BD-4618-93F9-199F30694853}.Release|Any CPU.Build.0 = Release|Any CPU
		{28A1F049-7F47-465F-A9E6-94F36DCF80C6}.Debug|Any CPU.ActiveCfg = Debug|Any CPU
		{28A1F049-7F47-465F-A9E6-94F36DCF80C6}.Debug|Any CPU.Build.0 = Debug|Any CPU
		{28A1F049-7F47-465F-A9E6-94F36DCF80C6}.Release|Any CPU.ActiveCfg = Release|Any CPU
		{28A1F049-7F47-465F-A9E6-94F36DCF80C6}.Release|Any CPU.Build.0 = Release|Any CPU
		{EF152A0B-C8FD-4D8C-947B-4E34AFCF5996}.Debug|Any CPU.ActiveCfg = Debug|Any CPU
		{EF152A0B-C8FD-4D8C-947B-4E34AFCF5996}.Debug|Any CPU.Build.0 = Debug|Any CPU
		{EF152A0B-C8FD-4D8C-947B-4E34AFCF5996}.Release|Any CPU.ActiveCfg = Release|Any CPU
		{EF152A0B-C8FD-4D8C-947B-4E34AFCF5996}.Release|Any CPU.Build.0 = Release|Any CPU
		{94176487-E6D0-4CA4-8A5F-E2A8F4CFC9F4}.Debug|Any CPU.ActiveCfg = Debug|Any CPU
		{94176487-E6D0-4CA4-8A5F-E2A8F4CFC9F4}.Debug|Any CPU.Build.0 = Debug|Any CPU
		{94176487-E6D0-4CA4-8A5F-E2A8F4CFC9F4}.Release|Any CPU.ActiveCfg = Release|Any CPU
		{94176487-E6D0-4CA4-8A5F-E2A8F4CFC9F4}.Release|Any CPU.Build.0 = Release|Any CPU
		{1DE0EE2C-AAD8-4D1B-962C-A0BEB0BDB3DE}.Debug|Any CPU.ActiveCfg = Debug|Any CPU
		{1DE0EE2C-AAD8-4D1B-962C-A0BEB0BDB3DE}.Debug|Any CPU.Build.0 = Debug|Any CPU
		{1DE0EE2C-AAD8-4D1B-962C-A0BEB0BDB3DE}.Release|Any CPU.ActiveCfg = Release|Any CPU
		{1DE0EE2C-AAD8-4D1B-962C-A0BEB0BDB3DE}.Release|Any CPU.Build.0 = Release|Any CPU
		{42EEB31A-D473-487B-ACAD-24CB28277F96}.Debug|Any CPU.ActiveCfg = Debug|Any CPU
		{42EEB31A-D473-487B-ACAD-24CB28277F96}.Debug|Any CPU.Build.0 = Debug|Any CPU
		{42EEB31A-D473-487B-ACAD-24CB28277F96}.Release|Any CPU.ActiveCfg = Release|Any CPU
		{42EEB31A-D473-487B-ACAD-24CB28277F96}.Release|Any CPU.Build.0 = Release|Any CPU
		{6A79729E-355A-4F47-8A50-1AFDDFB17649}.Debug|Any CPU.ActiveCfg = Debug|Any CPU
		{6A79729E-355A-4F47-8A50-1AFDDFB17649}.Debug|Any CPU.Build.0 = Debug|Any CPU
		{6A79729E-355A-4F47-8A50-1AFDDFB17649}.Release|Any CPU.ActiveCfg = Release|Any CPU
		{6A79729E-355A-4F47-8A50-1AFDDFB17649}.Release|Any CPU.Build.0 = Release|Any CPU
		{47A8B5DB-DB55-4E49-8D19-F58C1C618807}.Debug|Any CPU.ActiveCfg = Debug|Any CPU
		{47A8B5DB-DB55-4E49-8D19-F58C1C618807}.Debug|Any CPU.Build.0 = Debug|Any CPU
		{47A8B5DB-DB55-4E49-8D19-F58C1C618807}.Release|Any CPU.ActiveCfg = Release|Any CPU
		{47A8B5DB-DB55-4E49-8D19-F58C1C618807}.Release|Any CPU.Build.0 = Release|Any CPU
		{42BB5DEA-E33B-40D1-ACEA-0DE636E4FA67}.Debug|Any CPU.ActiveCfg = Debug|Any CPU
		{42BB5DEA-E33B-40D1-ACEA-0DE636E4FA67}.Debug|Any CPU.Build.0 = Debug|Any CPU
		{42BB5DEA-E33B-40D1-ACEA-0DE636E4FA67}.Release|Any CPU.ActiveCfg = Release|Any CPU
		{42BB5DEA-E33B-40D1-ACEA-0DE636E4FA67}.Release|Any CPU.Build.0 = Release|Any CPU
		{58BF0946-478E-4BE8-AD7C-27FA99ABB566}.Debug|Any CPU.ActiveCfg = Debug|Any CPU
		{58BF0946-478E-4BE8-AD7C-27FA99ABB566}.Debug|Any CPU.Build.0 = Debug|Any CPU
		{58BF0946-478E-4BE8-AD7C-27FA99ABB566}.Release|Any CPU.ActiveCfg = Release|Any CPU
		{58BF0946-478E-4BE8-AD7C-27FA99ABB566}.Release|Any CPU.Build.0 = Release|Any CPU
		{9430F627-5D11-41B5-ADD1-05D29FD0D661}.Debug|Any CPU.ActiveCfg = Debug|Any CPU
		{9430F627-5D11-41B5-ADD1-05D29FD0D661}.Debug|Any CPU.Build.0 = Debug|Any CPU
		{9430F627-5D11-41B5-ADD1-05D29FD0D661}.Release|Any CPU.ActiveCfg = Release|Any CPU
		{9430F627-5D11-41B5-ADD1-05D29FD0D661}.Release|Any CPU.Build.0 = Release|Any CPU
		{19727EB5-9AB4-4504-BB48-B24563572384}.Debug|Any CPU.ActiveCfg = Debug|Any CPU
		{19727EB5-9AB4-4504-BB48-B24563572384}.Debug|Any CPU.Build.0 = Debug|Any CPU
		{19727EB5-9AB4-4504-BB48-B24563572384}.Release|Any CPU.ActiveCfg = Release|Any CPU
		{19727EB5-9AB4-4504-BB48-B24563572384}.Release|Any CPU.Build.0 = Release|Any CPU
		{226196DF-D156-477F-9BFE-F2F85286BB53}.Debug|Any CPU.ActiveCfg = Debug|Any CPU
		{226196DF-D156-477F-9BFE-F2F85286BB53}.Debug|Any CPU.Build.0 = Debug|Any CPU
		{226196DF-D156-477F-9BFE-F2F85286BB53}.Release|Any CPU.ActiveCfg = Release|Any CPU
		{226196DF-D156-477F-9BFE-F2F85286BB53}.Release|Any CPU.Build.0 = Release|Any CPU
		{7E9DEF4F-BE73-4676-9438-D76AB2BCCCED}.Debug|Any CPU.ActiveCfg = Debug|Any CPU
		{7E9DEF4F-BE73-4676-9438-D76AB2BCCCED}.Debug|Any CPU.Build.0 = Debug|Any CPU
		{7E9DEF4F-BE73-4676-9438-D76AB2BCCCED}.Release|Any CPU.ActiveCfg = Release|Any CPU
		{7E9DEF4F-BE73-4676-9438-D76AB2BCCCED}.Release|Any CPU.Build.0 = Release|Any CPU
		{6ED64B6E-AFA4-40A2-A714-BDF62DBAD71D}.Debug|Any CPU.ActiveCfg = Debug|Any CPU
		{6ED64B6E-AFA4-40A2-A714-BDF62DBAD71D}.Debug|Any CPU.Build.0 = Debug|Any CPU
		{6ED64B6E-AFA4-40A2-A714-BDF62DBAD71D}.Release|Any CPU.ActiveCfg = Release|Any CPU
		{6ED64B6E-AFA4-40A2-A714-BDF62DBAD71D}.Release|Any CPU.Build.0 = Release|Any CPU
		{CA12525C-BD0C-4E23-B5DA-CD928159B3CA}.Debug|Any CPU.ActiveCfg = Debug|Any CPU
		{CA12525C-BD0C-4E23-B5DA-CD928159B3CA}.Debug|Any CPU.Build.0 = Debug|Any CPU
		{CA12525C-BD0C-4E23-B5DA-CD928159B3CA}.Release|Any CPU.ActiveCfg = Release|Any CPU
		{CA12525C-BD0C-4E23-B5DA-CD928159B3CA}.Release|Any CPU.Build.0 = Release|Any CPU
		{971DE9DD-FCAF-47B2-AC63-31327C649476}.Debug|Any CPU.ActiveCfg = Debug|Any CPU
		{971DE9DD-FCAF-47B2-AC63-31327C649476}.Debug|Any CPU.Build.0 = Debug|Any CPU
		{971DE9DD-FCAF-47B2-AC63-31327C649476}.Release|Any CPU.ActiveCfg = Release|Any CPU
		{971DE9DD-FCAF-47B2-AC63-31327C649476}.Release|Any CPU.Build.0 = Release|Any CPU
		{B339AA0E-4A95-4618-9504-3274FFF21931}.Debug|Any CPU.ActiveCfg = Debug|Any CPU
		{B339AA0E-4A95-4618-9504-3274FFF21931}.Debug|Any CPU.Build.0 = Debug|Any CPU
		{B339AA0E-4A95-4618-9504-3274FFF21931}.Release|Any CPU.ActiveCfg = Release|Any CPU
		{B339AA0E-4A95-4618-9504-3274FFF21931}.Release|Any CPU.Build.0 = Release|Any CPU
		{1441FDF9-2388-4329-8582-848489086389}.Debug|Any CPU.ActiveCfg = Debug|Any CPU
		{1441FDF9-2388-4329-8582-848489086389}.Debug|Any CPU.Build.0 = Debug|Any CPU
		{1441FDF9-2388-4329-8582-848489086389}.Release|Any CPU.ActiveCfg = Release|Any CPU
		{1441FDF9-2388-4329-8582-848489086389}.Release|Any CPU.Build.0 = Release|Any CPU
		{E9E39408-79F2-4629-97EE-0B61B60562C9}.Debug|Any CPU.ActiveCfg = Debug|Any CPU
		{E9E39408-79F2-4629-97EE-0B61B60562C9}.Debug|Any CPU.Build.0 = Debug|Any CPU
		{E9E39408-79F2-4629-97EE-0B61B60562C9}.Release|Any CPU.ActiveCfg = Release|Any CPU
		{E9E39408-79F2-4629-97EE-0B61B60562C9}.Release|Any CPU.Build.0 = Release|Any CPU
		{B2E2BEFF-5E9C-485A-BE0C-DDC4F203A2E8}.Debug|Any CPU.ActiveCfg = Debug|Any CPU
		{B2E2BEFF-5E9C-485A-BE0C-DDC4F203A2E8}.Debug|Any CPU.Build.0 = Debug|Any CPU
		{B2E2BEFF-5E9C-485A-BE0C-DDC4F203A2E8}.Release|Any CPU.ActiveCfg = Release|Any CPU
		{B2E2BEFF-5E9C-485A-BE0C-DDC4F203A2E8}.Release|Any CPU.Build.0 = Release|Any CPU
	EndGlobalSection
	GlobalSection(SolutionProperties) = preSolution
		HideSolutionNode = FALSE
	EndGlobalSection
	GlobalSection(NestedProjects) = preSolution
		{3695E5D6-E8D0-40A2-A930-31B0468833AC} = {EE98356F-3288-4351-A215-3080E2AB411B}
		{FCBBC9E8-D183-4CB2-9D91-DA9CE268DA4F} = {EE98356F-3288-4351-A215-3080E2AB411B}
		{9396844F-FF35-4EBC-A4E1-7EB40AC287EA} = {FCBBC9E8-D183-4CB2-9D91-DA9CE268DA4F}
		{F9CC98A2-33D3-4A43-923C-29161116A7E7} = {FCBBC9E8-D183-4CB2-9D91-DA9CE268DA4F}
		{EB48A012-A56D-4077-A5A1-15F1C0A4C016} = {FCBBC9E8-D183-4CB2-9D91-DA9CE268DA4F}
		{632AD300-7113-4BE4-B2F1-CCDBD0B07BB0} = {FCBBC9E8-D183-4CB2-9D91-DA9CE268DA4F}
		{329624DC-EE3F-4E84-AFAF-5F36314A840A} = {FCBBC9E8-D183-4CB2-9D91-DA9CE268DA4F}
		{F9B037E3-344F-46C7-8C47-C90A81459F95} = {FCBBC9E8-D183-4CB2-9D91-DA9CE268DA4F}
		{B4EE4F05-4E7F-4A8D-B7A6-801750E0D40A} = {FCBBC9E8-D183-4CB2-9D91-DA9CE268DA4F}
		{FBC98ED7-3146-49EF-89E4-3FD275F92B5C} = {EE98356F-3288-4351-A215-3080E2AB411B}
		{57E6F55C-4D11-4192-8AF4-4A87AEB80A38} = {226C859D-2B6F-4A8F-9856-26673D32CB85}
		{6D9EB9ED-8DCC-4347-B677-033D7BACB082} = {226C859D-2B6F-4A8F-9856-26673D32CB85}
		{4EEB19C4-571D-4C56-8E59-843D51846229} = {226C859D-2B6F-4A8F-9856-26673D32CB85}
		{46025FF0-4351-4C45-9A16-C34749B4995C} = {226C859D-2B6F-4A8F-9856-26673D32CB85}
		{E8A2F2CB-BE96-404B-A7DB-0F6DF84562C7} = {226C859D-2B6F-4A8F-9856-26673D32CB85}
		{C612A708-488D-437F-84DF-EEE8D6A5E501} = {226C859D-2B6F-4A8F-9856-26673D32CB85}
		{226C859D-2B6F-4A8F-9856-26673D32CB85} = {EE98356F-3288-4351-A215-3080E2AB411B}
		{AFF2AA23-A32B-4278-A3F0-B00BCEAAD03C} = {226C859D-2B6F-4A8F-9856-26673D32CB85}
		{1F81FE7F-EF0C-47EF-8D8E-BD6D1CBE6006} = {226C859D-2B6F-4A8F-9856-26673D32CB85}
		{B408D6BD-3BCF-4573-82EA-4DDB85F96419} = {A0F21E5A-C5AE-4DD2-BD75-AF409E751D28}
		{7461B26B-BB44-4BAD-A9CA-B311B0DC88A2} = {A0F21E5A-C5AE-4DD2-BD75-AF409E751D28}
		{491B79AF-F0AE-40E9-AB4D-3E0B973703BE} = {A0F21E5A-C5AE-4DD2-BD75-AF409E751D28}
		{5A61FDC9-499A-447D-B90F-16B74E67052A} = {A0F21E5A-C5AE-4DD2-BD75-AF409E751D28}
		{D4E55874-3704-4A24-8716-6C87AC55CB7F} = {A0F21E5A-C5AE-4DD2-BD75-AF409E751D28}
		{FCAC04FF-1ACE-4417-87C2-2E5626436E28} = {A0F21E5A-C5AE-4DD2-BD75-AF409E751D28}
		{3B4100D3-4AA7-4BC2-BB98-175CEAF4E70F} = {A0F21E5A-C5AE-4DD2-BD75-AF409E751D28}
		{A0F21E5A-C5AE-4DD2-BD75-AF409E751D28} = {EE98356F-3288-4351-A215-3080E2AB411B}
		{2BFC5718-25BD-4618-93F9-199F30694853} = {3695E5D6-E8D0-40A2-A930-31B0468833AC}
		{28A1F049-7F47-465F-A9E6-94F36DCF80C6} = {3695E5D6-E8D0-40A2-A930-31B0468833AC}
		{EF152A0B-C8FD-4D8C-947B-4E34AFCF5996} = {3695E5D6-E8D0-40A2-A930-31B0468833AC}
		{94176487-E6D0-4CA4-8A5F-E2A8F4CFC9F4} = {3695E5D6-E8D0-40A2-A930-31B0468833AC}
		{1DE0EE2C-AAD8-4D1B-962C-A0BEB0BDB3DE} = {3695E5D6-E8D0-40A2-A930-31B0468833AC}
		{42EEB31A-D473-487B-ACAD-24CB28277F96} = {3695E5D6-E8D0-40A2-A930-31B0468833AC}
		{6A79729E-355A-4F47-8A50-1AFDDFB17649} = {3695E5D6-E8D0-40A2-A930-31B0468833AC}
		{47A8B5DB-DB55-4E49-8D19-F58C1C618807} = {A0F21E5A-C5AE-4DD2-BD75-AF409E751D28}
		{42BB5DEA-E33B-40D1-ACEA-0DE636E4FA67} = {FCBBC9E8-D183-4CB2-9D91-DA9CE268DA4F}
		{58BF0946-478E-4BE8-AD7C-27FA99ABB566} = {3695E5D6-E8D0-40A2-A930-31B0468833AC}
		{9430F627-5D11-41B5-ADD1-05D29FD0D661} = {163F122E-1755-4533-908F-58700209AEE2}
		{19727EB5-9AB4-4504-BB48-B24563572384} = {3695E5D6-E8D0-40A2-A930-31B0468833AC}
		{226196DF-D156-477F-9BFE-F2F85286BB53} = {FBC98ED7-3146-49EF-89E4-3FD275F92B5C}
		{7E9DEF4F-BE73-4676-9438-D76AB2BCCCED} = {FBC98ED7-3146-49EF-89E4-3FD275F92B5C}
		{6ED64B6E-AFA4-40A2-A714-BDF62DBAD71D} = {FBC98ED7-3146-49EF-89E4-3FD275F92B5C}
		{CA12525C-BD0C-4E23-B5DA-CD928159B3CA} = {FBC98ED7-3146-49EF-89E4-3FD275F92B5C}
		{971DE9DD-FCAF-47B2-AC63-31327C649476} = {FBC98ED7-3146-49EF-89E4-3FD275F92B5C}
		{B339AA0E-4A95-4618-9504-3274FFF21931} = {163F122E-1755-4533-908F-58700209AEE2}
		{163F122E-1755-4533-908F-58700209AEE2} = {EE98356F-3288-4351-A215-3080E2AB411B}
		{1441FDF9-2388-4329-8582-848489086389} = {FBC98ED7-3146-49EF-89E4-3FD275F92B5C}
		{E9E39408-79F2-4629-97EE-0B61B60562C9} = {FBC98ED7-3146-49EF-89E4-3FD275F92B5C}
		{B2E2BEFF-5E9C-485A-BE0C-DDC4F203A2E8} = {FBC98ED7-3146-49EF-89E4-3FD275F92B5C}
	EndGlobalSection
EndGlobal
