
Microsoft Visual Studio Solution File, Format Version 12.00
# Visual Studio 14
VisualStudioVersion = 14.0.25420.1
MinimumVisualStudioVersion = 10.0.40219.1
Project("{2150E333-8FDC-42A3-9474-1A3956D46DE8}") = "src", "src", "{EE98356F-3288-4351-A215-3080E2AB411B}"
EndProject
Project("{2150E333-8FDC-42A3-9474-1A3956D46DE8}") = "Solution Items", "Solution Items", "{776277DB-8B25-4843-959C-B524458F92B5}"
	ProjectSection(SolutionItems) = preProject
		global.json = global.json
	EndProjectSection
EndProject
Project("{2150E333-8FDC-42A3-9474-1A3956D46DE8}") = "Structure", "Structure", "{3695E5D6-E8D0-40A2-A930-31B0468833AC}"
EndProject
Project("{2150E333-8FDC-42A3-9474-1A3956D46DE8}") = "Traffic", "Traffic", "{FCBBC9E8-D183-4CB2-9D91-DA9CE268DA4F}"
EndProject
Project("{8BB2217D-0F2D-49D1-97BC-3654ED321F3B}") = "ML.Lift.Traffic.Abstractions", "src\ML.Lift.Traffic.Abstractions\ML.Lift.Traffic.Abstractions.xproj", "{9396844F-FF35-4EBC-A4E1-7EB40AC287EA}"
EndProject
Project("{8BB2217D-0F2D-49D1-97BC-3654ED321F3B}") = "ML.Lift.Traffic.Composition", "src\ML.Lift.Traffic.Composition\ML.Lift.Traffic.Composition.xproj", "{F9CC98A2-33D3-4A43-923C-29161116A7E7}"
EndProject
Project("{8BB2217D-0F2D-49D1-97BC-3654ED321F3B}") = "ML.Lift.Traffic.Domain", "src\ML.Lift.Traffic.Domain\ML.Lift.Traffic.Domain.xproj", "{EB48A012-A56D-4077-A5A1-15F1C0A4C016}"
EndProject
Project("{8BB2217D-0F2D-49D1-97BC-3654ED321F3B}") = "ML.Lift.Traffic.Proxies", "src\ML.Lift.Traffic.Proxies\ML.Lift.Traffic.Proxies.xproj", "{632AD300-7113-4BE4-B2F1-CCDBD0B07BB0}"
EndProject
Project("{8BB2217D-0F2D-49D1-97BC-3654ED321F3B}") = "ML.Lift.Traffic.Repositories", "src\ML.Lift.Traffic.Repositories\ML.Lift.Traffic.Repositories.xproj", "{329624DC-EE3F-4E84-AFAF-5F36314A840A}"
EndProject
Project("{8BB2217D-0F2D-49D1-97BC-3654ED321F3B}") = "ML.Lift.Traffic.Utils", "src\ML.Lift.Traffic.Utils\ML.Lift.Traffic.Utils.xproj", "{F9B037E3-344F-46C7-8C47-C90A81459F95}"
EndProject
Project("{8BB2217D-0F2D-49D1-97BC-3654ED321F3B}") = "ML.Lift.Traffic.Api.v1", "src\ML.Lift.Traffic.Api.v1\ML.Lift.Traffic.Api.v1.xproj", "{B4EE4F05-4E7F-4A8D-B7A6-801750E0D40A}"
EndProject
Project("{8BB2217D-0F2D-49D1-97BC-3654ED321F3B}") = "ML.Lift.CallBox.Abstractions", "src\ML.Lift.CallBox.Abstractions\ML.Lift.CallBox.Abstractions.xproj", "{A08E640A-D28E-44B5-A82D-334C039E6C77}"
EndProject
Project("{8BB2217D-0F2D-49D1-97BC-3654ED321F3B}") = "ML.Lift.CallBox.Repositories", "src\ML.Lift.CallBox.Repositories\ML.Lift.CallBox.Repositories.xproj", "{24CF0A18-E652-4658-A9EF-8028AE500470}"
EndProject
Project("{8BB2217D-0F2D-49D1-97BC-3654ED321F3B}") = "ML.Lift.CallBox.Composition", "src\ML.Lift.CallBox.Composition\ML.Lift.CallBox.Composition.xproj", "{1C89BBA7-FCF5-4B6F-A726-809B3D509CF3}"
EndProject
Project("{8BB2217D-0F2D-49D1-97BC-3654ED321F3B}") = "ML.Lift.CallBox.Utils", "src\ML.Lift.CallBox.Utils\ML.Lift.CallBox.Utils.xproj", "{FAD9F1F9-D225-44AF-A287-4891D52116BA}"
EndProject
Project("{8BB2217D-0F2D-49D1-97BC-3654ED321F3B}") = "ML.Lift.CallBox.Domain", "src\ML.Lift.CallBox.Domain\ML.Lift.CallBox.Domain.xproj", "{C18DC782-71FD-43ED-817E-9CA6F9E67344}"
EndProject
Project("{8BB2217D-0F2D-49D1-97BC-3654ED321F3B}") = "ML.Lift.CallBox.Client", "src\ML.Lift.CallBox.Client\ML.Lift.CallBox.Client.xproj", "{2BC888C5-DCC1-4217-BA9D-663308CB8E2F}"
EndProject
Project("{2150E333-8FDC-42A3-9474-1A3956D46DE8}") = "CallBox", "CallBox", "{FBC98ED7-3146-49EF-89E4-3FD275F92B5C}"
EndProject
Project("{8BB2217D-0F2D-49D1-97BC-3654ED321F3B}") = "ML.Lift.CarBox.Abstractions", "src\ML.Lift.CarBox.Abstractions\ML.Lift.CarBox.Abstractions.xproj", "{57E6F55C-4D11-4192-8AF4-4A87AEB80A38}"
EndProject
Project("{8BB2217D-0F2D-49D1-97BC-3654ED321F3B}") = "ML.Lift.CarBox.Composition", "src\ML.Lift.CarBox.Composition\ML.Lift.CarBox.Composition.xproj", "{6D9EB9ED-8DCC-4347-B677-033D7BACB082}"
EndProject
Project("{8BB2217D-0F2D-49D1-97BC-3654ED321F3B}") = "ML.Lift.CarBox.Domain", "src\ML.Lift.CarBox.Domain\ML.Lift.CarBox.Domain.xproj", "{4EEB19C4-571D-4C56-8E59-843D51846229}"
EndProject
Project("{8BB2217D-0F2D-49D1-97BC-3654ED321F3B}") = "ML.Lift.CarBox.Repositories", "src\ML.Lift.CarBox.Repositories\ML.Lift.CarBox.Repositories.xproj", "{46025FF0-4351-4C45-9A16-C34749B4995C}"
EndProject
Project("{8BB2217D-0F2D-49D1-97BC-3654ED321F3B}") = "ML.Lift.CarBox.Utils", "src\ML.Lift.CarBox.Utils\ML.Lift.CarBox.Utils.xproj", "{E8A2F2CB-BE96-404B-A7DB-0F6DF84562C7}"
EndProject
Project("{8BB2217D-0F2D-49D1-97BC-3654ED321F3B}") = "ML.Lift.CarBox.Client", "src\ML.Lift.CarBox.Client\ML.Lift.CarBox.Client.xproj", "{C612A708-488D-437F-84DF-EEE8D6A5E501}"
EndProject
Project("{2150E333-8FDC-42A3-9474-1A3956D46DE8}") = "CarBox", "CarBox", "{226C859D-2B6F-4A8F-9856-26673D32CB85}"
EndProject
Project("{8BB2217D-0F2D-49D1-97BC-3654ED321F3B}") = "ML.Lift.CallBox.Api.v1", "src\ML.Lift.CallBox.Api.v1\ML.Lift.CallBox.Api.v1.xproj", "{8CEB9D14-4FC0-4373-BC8E-C2B29E84489F}"
EndProject
Project("{8BB2217D-0F2D-49D1-97BC-3654ED321F3B}") = "ML.Lift.CallBox.Proxies", "src\ML.Lift.CallBox.Proxies\ML.Lift.CallBox.Proxies.xproj", "{5147B846-8C84-469B-B663-50E43150AECC}"
EndProject
Project("{8BB2217D-0F2D-49D1-97BC-3654ED321F3B}") = "ML.Lift.CarBox.Proxies", "src\ML.Lift.CarBox.Proxies\ML.Lift.CarBox.Proxies.xproj", "{AFF2AA23-A32B-4278-A3F0-B00BCEAAD03C}"
EndProject
Project("{8BB2217D-0F2D-49D1-97BC-3654ED321F3B}") = "ML.Lift.CarBox.Api.v1", "src\ML.Lift.CarBox.Api.v1\ML.Lift.CarBox.Api.v1.xproj", "{1F81FE7F-EF0C-47EF-8D8E-BD6D1CBE6006}"
EndProject
Project("{8BB2217D-0F2D-49D1-97BC-3654ED321F3B}") = "ML.Lift.Car.Abstractions", "src\ML.Lift.Car.Abstractions\ML.Lift.Car.Abstractions.xproj", "{B408D6BD-3BCF-4573-82EA-4DDB85F96419}"
EndProject
Project("{8BB2217D-0F2D-49D1-97BC-3654ED321F3B}") = "ML.Lift.Car.Domain", "src\ML.Lift.Car.Domain\ML.Lift.Car.Domain.xproj", "{7461B26B-BB44-4BAD-A9CA-B311B0DC88A2}"
EndProject
Project("{8BB2217D-0F2D-49D1-97BC-3654ED321F3B}") = "ML.Lift.Car.Repositories", "src\ML.Lift.Car.Repositories\ML.Lift.Car.Repositories.xproj", "{491B79AF-F0AE-40E9-AB4D-3E0B973703BE}"
EndProject
Project("{8BB2217D-0F2D-49D1-97BC-3654ED321F3B}") = "ML.Lift.Car.Utils", "src\ML.Lift.Car.Utils\ML.Lift.Car.Utils.xproj", "{5A61FDC9-499A-447D-B90F-16B74E67052A}"
EndProject
Project("{8BB2217D-0F2D-49D1-97BC-3654ED321F3B}") = "ML.Lift.Car.Composition", "src\ML.Lift.Car.Composition\ML.Lift.Car.Composition.xproj", "{D4E55874-3704-4A24-8716-6C87AC55CB7F}"
EndProject
Project("{8BB2217D-0F2D-49D1-97BC-3654ED321F3B}") = "ML.Lift.Car.Proxies", "src\ML.Lift.Car.Proxies\ML.Lift.Car.Proxies.xproj", "{FCAC04FF-1ACE-4417-87C2-2E5626436E28}"
EndProject
Project("{8BB2217D-0F2D-49D1-97BC-3654ED321F3B}") = "ML.Lift.Car.Api.v1", "src\ML.Lift.Car.Api.v1\ML.Lift.Car.Api.v1.xproj", "{3B4100D3-4AA7-4BC2-BB98-175CEAF4E70F}"
EndProject
Project("{2150E333-8FDC-42A3-9474-1A3956D46DE8}") = "Car", "Car", "{A0F21E5A-C5AE-4DD2-BD75-AF409E751D28}"
EndProject
Project("{8BB2217D-0F2D-49D1-97BC-3654ED321F3B}") = "ML.Lift.Structure.Api.v1", "src\ML.Lift.Structure.Api.v1\ML.Lift.Structure.Api.v1.xproj", "{2BFC5718-25BD-4618-93F9-199F30694853}"
EndProject
Project("{8BB2217D-0F2D-49D1-97BC-3654ED321F3B}") = "ML.Lift.Structure.Abstractions", "src\ML.Lift.Structure.Abstractions\ML.Lift.Structure.Abstractions.xproj", "{28A1F049-7F47-465F-A9E6-94F36DCF80C6}"
EndProject
Project("{8BB2217D-0F2D-49D1-97BC-3654ED321F3B}") = "ML.Lift.Structure.Composition", "src\ML.Lift.Structure.Composition\ML.Lift.Structure.Composition.xproj", "{EF152A0B-C8FD-4D8C-947B-4E34AFCF5996}"
EndProject
Project("{8BB2217D-0F2D-49D1-97BC-3654ED321F3B}") = "ML.Lift.Structure.Domain", "src\ML.Lift.Structure.Domain\ML.Lift.Structure.Domain.xproj", "{94176487-E6D0-4CA4-8A5F-E2A8F4CFC9F4}"
EndProject
Project("{8BB2217D-0F2D-49D1-97BC-3654ED321F3B}") = "ML.Lift.Structure.Proxies", "src\ML.Lift.Structure.Proxies\ML.Lift.Structure.Proxies.xproj", "{1DE0EE2C-AAD8-4D1B-962C-A0BEB0BDB3DE}"
EndProject
Project("{8BB2217D-0F2D-49D1-97BC-3654ED321F3B}") = "ML.Lift.Structure.Repositories", "src\ML.Lift.Structure.Repositories\ML.Lift.Structure.Repositories.xproj", "{42EEB31A-D473-487B-ACAD-24CB28277F96}"
EndProject
Project("{8BB2217D-0F2D-49D1-97BC-3654ED321F3B}") = "ML.Lift.Structure.Utils", "src\ML.Lift.Structure.Utils\ML.Lift.Structure.Utils.xproj", "{6A79729E-355A-4F47-8A50-1AFDDFB17649}"
EndProject
Project("{8BB2217D-0F2D-49D1-97BC-3654ED321F3B}") = "ML.Lift.Dispatch.Abstractions", "src\ML.Lift.Dispatch.Abstractions\ML.Lift.Dispatch.Abstractions.xproj", "{057C06C1-13F2-4AD9-AC92-2515A77A05F1}"
EndProject
Project("{8BB2217D-0F2D-49D1-97BC-3654ED321F3B}") = "ML.Lift.Dispatch.Repositories", "src\ML.Lift.Dispatch.Repositories\ML.Lift.Dispatch.Repositories.xproj", "{221B57B8-BEE0-441C-9C36-571D7A422123}"
EndProject
Project("{8BB2217D-0F2D-49D1-97BC-3654ED321F3B}") = "ML.Lift.Dispatch.Domain", "src\ML.Lift.Dispatch.Domain\ML.Lift.Dispatch.Domain.xproj", "{EE20B394-F980-49F8-8ED6-D9B9CC3BF9DE}"
EndProject
Project("{8BB2217D-0F2D-49D1-97BC-3654ED321F3B}") = "ML.Lift.Dispatch.Utils", "src\ML.Lift.Dispatch.Utils\ML.Lift.Dispatch.Utils.xproj", "{5921B8E3-1B18-4E6A-9476-4B2DC40BFFFD}"
EndProject
Project("{8BB2217D-0F2D-49D1-97BC-3654ED321F3B}") = "ML.Lift.Dispatch.Proxies", "src\ML.Lift.Dispatch.Proxies\ML.Lift.Dispatch.Proxies.xproj", "{FB6B738A-4075-4DF5-8087-DA2421ABBD44}"
EndProject
Project("{8BB2217D-0F2D-49D1-97BC-3654ED321F3B}") = "ML.Lift.Dispatch.Composition", "src\ML.Lift.Dispatch.Composition\ML.Lift.Dispatch.Composition.xproj", "{0429BD8E-ADFE-4D1B-94A0-A10182E4CA25}"
EndProject
Project("{8BB2217D-0F2D-49D1-97BC-3654ED321F3B}") = "ML.Lift.Dispatch.Api.v1", "src\ML.Lift.Dispatch.Api.v1\ML.Lift.Dispatch.Api.v1.xproj", "{77C15DC8-F748-438F-A28F-D95C770773C6}"
EndProject
Project("{2150E333-8FDC-42A3-9474-1A3956D46DE8}") = "Dispatch", "Dispatch", "{0934327A-8DB4-47BC-9E2E-B4236083D9A3}"
EndProject
Project("{8BB2217D-0F2D-49D1-97BC-3654ED321F3B}") = "ML.Lift.Car.Client", "src\ML.Lift.Car.Client\ML.Lift.Car.Client.xproj", "{47A8B5DB-DB55-4E49-8D19-F58C1C618807}"
EndProject
Project("{8BB2217D-0F2D-49D1-97BC-3654ED321F3B}") = "ML.Lift.Traffic.Client", "src\ML.Lift.Traffic.Client\ML.Lift.Traffic.Client.xproj", "{42BB5DEA-E33B-40D1-ACEA-0DE636E4FA67}"
EndProject
Project("{8BB2217D-0F2D-49D1-97BC-3654ED321F3B}") = "ML.Lift.Structure.Client", "src\ML.Lift.Structure.Client\ML.Lift.Structure.Client.xproj", "{58BF0946-478E-4BE8-AD7C-27FA99ABB566}"
EndProject
Project("{8BB2217D-0F2D-49D1-97BC-3654ED321F3B}") = "ML.Lift.Dispatch.Client", "src\ML.Lift.Dispatch.Client\ML.Lift.Dispatch.Client.xproj", "{47B8FA5B-AE83-4CA5-BF4F-4ADEBA77EC42}"
EndProject
Global
	GlobalSection(SolutionConfigurationPlatforms) = preSolution
		Debug|Any CPU = Debug|Any CPU
		Release|Any CPU = Release|Any CPU
	EndGlobalSection
	GlobalSection(ProjectConfigurationPlatforms) = postSolution
		{9396844F-FF35-4EBC-A4E1-7EB40AC287EA}.Debug|Any CPU.ActiveCfg = Debug|Any CPU
		{9396844F-FF35-4EBC-A4E1-7EB40AC287EA}.Debug|Any CPU.Build.0 = Debug|Any CPU
		{9396844F-FF35-4EBC-A4E1-7EB40AC287EA}.Release|Any CPU.ActiveCfg = Release|Any CPU
		{9396844F-FF35-4EBC-A4E1-7EB40AC287EA}.Release|Any CPU.Build.0 = Release|Any CPU
		{F9CC98A2-33D3-4A43-923C-29161116A7E7}.Debug|Any CPU.ActiveCfg = Debug|Any CPU
		{F9CC98A2-33D3-4A43-923C-29161116A7E7}.Debug|Any CPU.Build.0 = Debug|Any CPU
		{F9CC98A2-33D3-4A43-923C-29161116A7E7}.Release|Any CPU.ActiveCfg = Release|Any CPU
		{F9CC98A2-33D3-4A43-923C-29161116A7E7}.Release|Any CPU.Build.0 = Release|Any CPU
		{EB48A012-A56D-4077-A5A1-15F1C0A4C016}.Debug|Any CPU.ActiveCfg = Debug|Any CPU
		{EB48A012-A56D-4077-A5A1-15F1C0A4C016}.Debug|Any CPU.Build.0 = Debug|Any CPU
		{EB48A012-A56D-4077-A5A1-15F1C0A4C016}.Release|Any CPU.ActiveCfg = Release|Any CPU
		{EB48A012-A56D-4077-A5A1-15F1C0A4C016}.Release|Any CPU.Build.0 = Release|Any CPU
		{632AD300-7113-4BE4-B2F1-CCDBD0B07BB0}.Debug|Any CPU.ActiveCfg = Debug|Any CPU
		{632AD300-7113-4BE4-B2F1-CCDBD0B07BB0}.Debug|Any CPU.Build.0 = Debug|Any CPU
		{632AD300-7113-4BE4-B2F1-CCDBD0B07BB0}.Release|Any CPU.ActiveCfg = Release|Any CPU
		{632AD300-7113-4BE4-B2F1-CCDBD0B07BB0}.Release|Any CPU.Build.0 = Release|Any CPU
		{329624DC-EE3F-4E84-AFAF-5F36314A840A}.Debug|Any CPU.ActiveCfg = Debug|Any CPU
		{329624DC-EE3F-4E84-AFAF-5F36314A840A}.Debug|Any CPU.Build.0 = Debug|Any CPU
		{329624DC-EE3F-4E84-AFAF-5F36314A840A}.Release|Any CPU.ActiveCfg = Release|Any CPU
		{329624DC-EE3F-4E84-AFAF-5F36314A840A}.Release|Any CPU.Build.0 = Release|Any CPU
		{F9B037E3-344F-46C7-8C47-C90A81459F95}.Debug|Any CPU.ActiveCfg = Debug|Any CPU
		{F9B037E3-344F-46C7-8C47-C90A81459F95}.Debug|Any CPU.Build.0 = Debug|Any CPU
		{F9B037E3-344F-46C7-8C47-C90A81459F95}.Release|Any CPU.ActiveCfg = Release|Any CPU
		{F9B037E3-344F-46C7-8C47-C90A81459F95}.Release|Any CPU.Build.0 = Release|Any CPU
		{B4EE4F05-4E7F-4A8D-B7A6-801750E0D40A}.Debug|Any CPU.ActiveCfg = Debug|Any CPU
		{B4EE4F05-4E7F-4A8D-B7A6-801750E0D40A}.Debug|Any CPU.Build.0 = Debug|Any CPU
		{B4EE4F05-4E7F-4A8D-B7A6-801750E0D40A}.Release|Any CPU.ActiveCfg = Release|Any CPU
		{B4EE4F05-4E7F-4A8D-B7A6-801750E0D40A}.Release|Any CPU.Build.0 = Release|Any CPU
		{A08E640A-D28E-44B5-A82D-334C039E6C77}.Debug|Any CPU.ActiveCfg = Debug|Any CPU
		{A08E640A-D28E-44B5-A82D-334C039E6C77}.Debug|Any CPU.Build.0 = Debug|Any CPU
		{A08E640A-D28E-44B5-A82D-334C039E6C77}.Release|Any CPU.ActiveCfg = Release|Any CPU
		{A08E640A-D28E-44B5-A82D-334C039E6C77}.Release|Any CPU.Build.0 = Release|Any CPU
		{24CF0A18-E652-4658-A9EF-8028AE500470}.Debug|Any CPU.ActiveCfg = Debug|Any CPU
		{24CF0A18-E652-4658-A9EF-8028AE500470}.Debug|Any CPU.Build.0 = Debug|Any CPU
		{24CF0A18-E652-4658-A9EF-8028AE500470}.Release|Any CPU.ActiveCfg = Release|Any CPU
		{24CF0A18-E652-4658-A9EF-8028AE500470}.Release|Any CPU.Build.0 = Release|Any CPU
		{1C89BBA7-FCF5-4B6F-A726-809B3D509CF3}.Debug|Any CPU.ActiveCfg = Debug|Any CPU
		{1C89BBA7-FCF5-4B6F-A726-809B3D509CF3}.Debug|Any CPU.Build.0 = Debug|Any CPU
		{1C89BBA7-FCF5-4B6F-A726-809B3D509CF3}.Release|Any CPU.ActiveCfg = Release|Any CPU
		{1C89BBA7-FCF5-4B6F-A726-809B3D509CF3}.Release|Any CPU.Build.0 = Release|Any CPU
		{FAD9F1F9-D225-44AF-A287-4891D52116BA}.Debug|Any CPU.ActiveCfg = Debug|Any CPU
		{FAD9F1F9-D225-44AF-A287-4891D52116BA}.Debug|Any CPU.Build.0 = Debug|Any CPU
		{FAD9F1F9-D225-44AF-A287-4891D52116BA}.Release|Any CPU.ActiveCfg = Release|Any CPU
		{FAD9F1F9-D225-44AF-A287-4891D52116BA}.Release|Any CPU.Build.0 = Release|Any CPU
		{C18DC782-71FD-43ED-817E-9CA6F9E67344}.Debug|Any CPU.ActiveCfg = Debug|Any CPU
		{C18DC782-71FD-43ED-817E-9CA6F9E67344}.Debug|Any CPU.Build.0 = Debug|Any CPU
		{C18DC782-71FD-43ED-817E-9CA6F9E67344}.Release|Any CPU.ActiveCfg = Release|Any CPU
		{C18DC782-71FD-43ED-817E-9CA6F9E67344}.Release|Any CPU.Build.0 = Release|Any CPU
		{2BC888C5-DCC1-4217-BA9D-663308CB8E2F}.Debug|Any CPU.ActiveCfg = Debug|Any CPU
		{2BC888C5-DCC1-4217-BA9D-663308CB8E2F}.Debug|Any CPU.Build.0 = Debug|Any CPU
		{2BC888C5-DCC1-4217-BA9D-663308CB8E2F}.Release|Any CPU.ActiveCfg = Release|Any CPU
		{2BC888C5-DCC1-4217-BA9D-663308CB8E2F}.Release|Any CPU.Build.0 = Release|Any CPU
		{57E6F55C-4D11-4192-8AF4-4A87AEB80A38}.Debug|Any CPU.ActiveCfg = Debug|Any CPU
		{57E6F55C-4D11-4192-8AF4-4A87AEB80A38}.Debug|Any CPU.Build.0 = Debug|Any CPU
		{57E6F55C-4D11-4192-8AF4-4A87AEB80A38}.Release|Any CPU.ActiveCfg = Release|Any CPU
		{57E6F55C-4D11-4192-8AF4-4A87AEB80A38}.Release|Any CPU.Build.0 = Release|Any CPU
		{6D9EB9ED-8DCC-4347-B677-033D7BACB082}.Debug|Any CPU.ActiveCfg = Debug|Any CPU
		{6D9EB9ED-8DCC-4347-B677-033D7BACB082}.Debug|Any CPU.Build.0 = Debug|Any CPU
		{6D9EB9ED-8DCC-4347-B677-033D7BACB082}.Release|Any CPU.ActiveCfg = Release|Any CPU
		{6D9EB9ED-8DCC-4347-B677-033D7BACB082}.Release|Any CPU.Build.0 = Release|Any CPU
		{4EEB19C4-571D-4C56-8E59-843D51846229}.Debug|Any CPU.ActiveCfg = Debug|Any CPU
		{4EEB19C4-571D-4C56-8E59-843D51846229}.Debug|Any CPU.Build.0 = Debug|Any CPU
		{4EEB19C4-571D-4C56-8E59-843D51846229}.Release|Any CPU.ActiveCfg = Release|Any CPU
		{4EEB19C4-571D-4C56-8E59-843D51846229}.Release|Any CPU.Build.0 = Release|Any CPU
		{46025FF0-4351-4C45-9A16-C34749B4995C}.Debug|Any CPU.ActiveCfg = Debug|Any CPU
		{46025FF0-4351-4C45-9A16-C34749B4995C}.Debug|Any CPU.Build.0 = Debug|Any CPU
		{46025FF0-4351-4C45-9A16-C34749B4995C}.Release|Any CPU.ActiveCfg = Release|Any CPU
		{46025FF0-4351-4C45-9A16-C34749B4995C}.Release|Any CPU.Build.0 = Release|Any CPU
		{E8A2F2CB-BE96-404B-A7DB-0F6DF84562C7}.Debug|Any CPU.ActiveCfg = Debug|Any CPU
		{E8A2F2CB-BE96-404B-A7DB-0F6DF84562C7}.Debug|Any CPU.Build.0 = Debug|Any CPU
		{E8A2F2CB-BE96-404B-A7DB-0F6DF84562C7}.Release|Any CPU.ActiveCfg = Release|Any CPU
		{E8A2F2CB-BE96-404B-A7DB-0F6DF84562C7}.Release|Any CPU.Build.0 = Release|Any CPU
		{C612A708-488D-437F-84DF-EEE8D6A5E501}.Debug|Any CPU.ActiveCfg = Debug|Any CPU
		{C612A708-488D-437F-84DF-EEE8D6A5E501}.Debug|Any CPU.Build.0 = Debug|Any CPU
		{C612A708-488D-437F-84DF-EEE8D6A5E501}.Release|Any CPU.ActiveCfg = Release|Any CPU
		{C612A708-488D-437F-84DF-EEE8D6A5E501}.Release|Any CPU.Build.0 = Release|Any CPU
		{8CEB9D14-4FC0-4373-BC8E-C2B29E84489F}.Debug|Any CPU.ActiveCfg = Debug|Any CPU
		{8CEB9D14-4FC0-4373-BC8E-C2B29E84489F}.Debug|Any CPU.Build.0 = Debug|Any CPU
		{8CEB9D14-4FC0-4373-BC8E-C2B29E84489F}.Release|Any CPU.ActiveCfg = Release|Any CPU
		{8CEB9D14-4FC0-4373-BC8E-C2B29E84489F}.Release|Any CPU.Build.0 = Release|Any CPU
		{5147B846-8C84-469B-B663-50E43150AECC}.Debug|Any CPU.ActiveCfg = Debug|Any CPU
		{5147B846-8C84-469B-B663-50E43150AECC}.Debug|Any CPU.Build.0 = Debug|Any CPU
		{5147B846-8C84-469B-B663-50E43150AECC}.Release|Any CPU.ActiveCfg = Release|Any CPU
		{5147B846-8C84-469B-B663-50E43150AECC}.Release|Any CPU.Build.0 = Release|Any CPU
		{AFF2AA23-A32B-4278-A3F0-B00BCEAAD03C}.Debug|Any CPU.ActiveCfg = Debug|Any CPU
		{AFF2AA23-A32B-4278-A3F0-B00BCEAAD03C}.Debug|Any CPU.Build.0 = Debug|Any CPU
		{AFF2AA23-A32B-4278-A3F0-B00BCEAAD03C}.Release|Any CPU.ActiveCfg = Release|Any CPU
		{AFF2AA23-A32B-4278-A3F0-B00BCEAAD03C}.Release|Any CPU.Build.0 = Release|Any CPU
		{1F81FE7F-EF0C-47EF-8D8E-BD6D1CBE6006}.Debug|Any CPU.ActiveCfg = Debug|Any CPU
		{1F81FE7F-EF0C-47EF-8D8E-BD6D1CBE6006}.Debug|Any CPU.Build.0 = Debug|Any CPU
		{1F81FE7F-EF0C-47EF-8D8E-BD6D1CBE6006}.Release|Any CPU.ActiveCfg = Release|Any CPU
		{1F81FE7F-EF0C-47EF-8D8E-BD6D1CBE6006}.Release|Any CPU.Build.0 = Release|Any CPU
		{B408D6BD-3BCF-4573-82EA-4DDB85F96419}.Debug|Any CPU.ActiveCfg = Debug|Any CPU
		{B408D6BD-3BCF-4573-82EA-4DDB85F96419}.Debug|Any CPU.Build.0 = Debug|Any CPU
		{B408D6BD-3BCF-4573-82EA-4DDB85F96419}.Release|Any CPU.ActiveCfg = Release|Any CPU
		{B408D6BD-3BCF-4573-82EA-4DDB85F96419}.Release|Any CPU.Build.0 = Release|Any CPU
		{7461B26B-BB44-4BAD-A9CA-B311B0DC88A2}.Debug|Any CPU.ActiveCfg = Debug|Any CPU
		{7461B26B-BB44-4BAD-A9CA-B311B0DC88A2}.Debug|Any CPU.Build.0 = Debug|Any CPU
		{7461B26B-BB44-4BAD-A9CA-B311B0DC88A2}.Release|Any CPU.ActiveCfg = Release|Any CPU
		{7461B26B-BB44-4BAD-A9CA-B311B0DC88A2}.Release|Any CPU.Build.0 = Release|Any CPU
		{491B79AF-F0AE-40E9-AB4D-3E0B973703BE}.Debug|Any CPU.ActiveCfg = Debug|Any CPU
		{491B79AF-F0AE-40E9-AB4D-3E0B973703BE}.Debug|Any CPU.Build.0 = Debug|Any CPU
		{491B79AF-F0AE-40E9-AB4D-3E0B973703BE}.Release|Any CPU.ActiveCfg = Release|Any CPU
		{491B79AF-F0AE-40E9-AB4D-3E0B973703BE}.Release|Any CPU.Build.0 = Release|Any CPU
		{5A61FDC9-499A-447D-B90F-16B74E67052A}.Debug|Any CPU.ActiveCfg = Debug|Any CPU
		{5A61FDC9-499A-447D-B90F-16B74E67052A}.Debug|Any CPU.Build.0 = Debug|Any CPU
		{5A61FDC9-499A-447D-B90F-16B74E67052A}.Release|Any CPU.ActiveCfg = Release|Any CPU
		{5A61FDC9-499A-447D-B90F-16B74E67052A}.Release|Any CPU.Build.0 = Release|Any CPU
		{D4E55874-3704-4A24-8716-6C87AC55CB7F}.Debug|Any CPU.ActiveCfg = Debug|Any CPU
		{D4E55874-3704-4A24-8716-6C87AC55CB7F}.Debug|Any CPU.Build.0 = Debug|Any CPU
		{D4E55874-3704-4A24-8716-6C87AC55CB7F}.Release|Any CPU.ActiveCfg = Release|Any CPU
		{D4E55874-3704-4A24-8716-6C87AC55CB7F}.Release|Any CPU.Build.0 = Release|Any CPU
		{FCAC04FF-1ACE-4417-87C2-2E5626436E28}.Debug|Any CPU.ActiveCfg = Debug|Any CPU
		{FCAC04FF-1ACE-4417-87C2-2E5626436E28}.Debug|Any CPU.Build.0 = Debug|Any CPU
		{FCAC04FF-1ACE-4417-87C2-2E5626436E28}.Release|Any CPU.ActiveCfg = Release|Any CPU
		{FCAC04FF-1ACE-4417-87C2-2E5626436E28}.Release|Any CPU.Build.0 = Release|Any CPU
		{3B4100D3-4AA7-4BC2-BB98-175CEAF4E70F}.Debug|Any CPU.ActiveCfg = Debug|Any CPU
		{3B4100D3-4AA7-4BC2-BB98-175CEAF4E70F}.Debug|Any CPU.Build.0 = Debug|Any CPU
		{3B4100D3-4AA7-4BC2-BB98-175CEAF4E70F}.Release|Any CPU.ActiveCfg = Release|Any CPU
		{3B4100D3-4AA7-4BC2-BB98-175CEAF4E70F}.Release|Any CPU.Build.0 = Release|Any CPU
		{2BFC5718-25BD-4618-93F9-199F30694853}.Debug|Any CPU.ActiveCfg = Debug|Any CPU
		{2BFC5718-25BD-4618-93F9-199F30694853}.Debug|Any CPU.Build.0 = Debug|Any CPU
		{2BFC5718-25BD-4618-93F9-199F30694853}.Release|Any CPU.ActiveCfg = Release|Any CPU
		{2BFC5718-25BD-4618-93F9-199F30694853}.Release|Any CPU.Build.0 = Release|Any CPU
		{28A1F049-7F47-465F-A9E6-94F36DCF80C6}.Debug|Any CPU.ActiveCfg = Debug|Any CPU
		{28A1F049-7F47-465F-A9E6-94F36DCF80C6}.Debug|Any CPU.Build.0 = Debug|Any CPU
		{28A1F049-7F47-465F-A9E6-94F36DCF80C6}.Release|Any CPU.ActiveCfg = Release|Any CPU
		{28A1F049-7F47-465F-A9E6-94F36DCF80C6}.Release|Any CPU.Build.0 = Release|Any CPU
		{EF152A0B-C8FD-4D8C-947B-4E34AFCF5996}.Debug|Any CPU.ActiveCfg = Debug|Any CPU
		{EF152A0B-C8FD-4D8C-947B-4E34AFCF5996}.Debug|Any CPU.Build.0 = Debug|Any CPU
		{EF152A0B-C8FD-4D8C-947B-4E34AFCF5996}.Release|Any CPU.ActiveCfg = Release|Any CPU
		{EF152A0B-C8FD-4D8C-947B-4E34AFCF5996}.Release|Any CPU.Build.0 = Release|Any CPU
		{94176487-E6D0-4CA4-8A5F-E2A8F4CFC9F4}.Debug|Any CPU.ActiveCfg = Debug|Any CPU
		{94176487-E6D0-4CA4-8A5F-E2A8F4CFC9F4}.Debug|Any CPU.Build.0 = Debug|Any CPU
		{94176487-E6D0-4CA4-8A5F-E2A8F4CFC9F4}.Release|Any CPU.ActiveCfg = Release|Any CPU
		{94176487-E6D0-4CA4-8A5F-E2A8F4CFC9F4}.Release|Any CPU.Build.0 = Release|Any CPU
		{1DE0EE2C-AAD8-4D1B-962C-A0BEB0BDB3DE}.Debug|Any CPU.ActiveCfg = Debug|Any CPU
		{1DE0EE2C-AAD8-4D1B-962C-A0BEB0BDB3DE}.Debug|Any CPU.Build.0 = Debug|Any CPU
		{1DE0EE2C-AAD8-4D1B-962C-A0BEB0BDB3DE}.Release|Any CPU.ActiveCfg = Release|Any CPU
		{1DE0EE2C-AAD8-4D1B-962C-A0BEB0BDB3DE}.Release|Any CPU.Build.0 = Release|Any CPU
		{42EEB31A-D473-487B-ACAD-24CB28277F96}.Debug|Any CPU.ActiveCfg = Debug|Any CPU
		{42EEB31A-D473-487B-ACAD-24CB28277F96}.Debug|Any CPU.Build.0 = Debug|Any CPU
		{42EEB31A-D473-487B-ACAD-24CB28277F96}.Release|Any CPU.ActiveCfg = Release|Any CPU
		{42EEB31A-D473-487B-ACAD-24CB28277F96}.Release|Any CPU.Build.0 = Release|Any CPU
		{6A79729E-355A-4F47-8A50-1AFDDFB17649}.Debug|Any CPU.ActiveCfg = Debug|Any CPU
		{6A79729E-355A-4F47-8A50-1AFDDFB17649}.Debug|Any CPU.Build.0 = Debug|Any CPU
		{6A79729E-355A-4F47-8A50-1AFDDFB17649}.Release|Any CPU.ActiveCfg = Release|Any CPU
		{6A79729E-355A-4F47-8A50-1AFDDFB17649}.Release|Any CPU.Build.0 = Release|Any CPU
		{057C06C1-13F2-4AD9-AC92-2515A77A05F1}.Debug|Any CPU.ActiveCfg = Debug|Any CPU
		{057C06C1-13F2-4AD9-AC92-2515A77A05F1}.Debug|Any CPU.Build.0 = Debug|Any CPU
		{057C06C1-13F2-4AD9-AC92-2515A77A05F1}.Release|Any CPU.ActiveCfg = Release|Any CPU
		{057C06C1-13F2-4AD9-AC92-2515A77A05F1}.Release|Any CPU.Build.0 = Release|Any CPU
		{221B57B8-BEE0-441C-9C36-571D7A422123}.Debug|Any CPU.ActiveCfg = Debug|Any CPU
		{221B57B8-BEE0-441C-9C36-571D7A422123}.Debug|Any CPU.Build.0 = Debug|Any CPU
		{221B57B8-BEE0-441C-9C36-571D7A422123}.Release|Any CPU.ActiveCfg = Release|Any CPU
		{221B57B8-BEE0-441C-9C36-571D7A422123}.Release|Any CPU.Build.0 = Release|Any CPU
		{EE20B394-F980-49F8-8ED6-D9B9CC3BF9DE}.Debug|Any CPU.ActiveCfg = Debug|Any CPU
		{EE20B394-F980-49F8-8ED6-D9B9CC3BF9DE}.Debug|Any CPU.Build.0 = Debug|Any CPU
		{EE20B394-F980-49F8-8ED6-D9B9CC3BF9DE}.Release|Any CPU.ActiveCfg = Release|Any CPU
		{EE20B394-F980-49F8-8ED6-D9B9CC3BF9DE}.Release|Any CPU.Build.0 = Release|Any CPU
		{5921B8E3-1B18-4E6A-9476-4B2DC40BFFFD}.Debug|Any CPU.ActiveCfg = Debug|Any CPU
		{5921B8E3-1B18-4E6A-9476-4B2DC40BFFFD}.Debug|Any CPU.Build.0 = Debug|Any CPU
		{5921B8E3-1B18-4E6A-9476-4B2DC40BFFFD}.Release|Any CPU.ActiveCfg = Release|Any CPU
		{5921B8E3-1B18-4E6A-9476-4B2DC40BFFFD}.Release|Any CPU.Build.0 = Release|Any CPU
		{FB6B738A-4075-4DF5-8087-DA2421ABBD44}.Debug|Any CPU.ActiveCfg = Debug|Any CPU
		{FB6B738A-4075-4DF5-8087-DA2421ABBD44}.Debug|Any CPU.Build.0 = Debug|Any CPU
		{FB6B738A-4075-4DF5-8087-DA2421ABBD44}.Release|Any CPU.ActiveCfg = Release|Any CPU
		{FB6B738A-4075-4DF5-8087-DA2421ABBD44}.Release|Any CPU.Build.0 = Release|Any CPU
		{0429BD8E-ADFE-4D1B-94A0-A10182E4CA25}.Debug|Any CPU.ActiveCfg = Debug|Any CPU
		{0429BD8E-ADFE-4D1B-94A0-A10182E4CA25}.Debug|Any CPU.Build.0 = Debug|Any CPU
		{0429BD8E-ADFE-4D1B-94A0-A10182E4CA25}.Release|Any CPU.ActiveCfg = Release|Any CPU
		{0429BD8E-ADFE-4D1B-94A0-A10182E4CA25}.Release|Any CPU.Build.0 = Release|Any CPU
		{77C15DC8-F748-438F-A28F-D95C770773C6}.Debug|Any CPU.ActiveCfg = Debug|Any CPU
		{77C15DC8-F748-438F-A28F-D95C770773C6}.Debug|Any CPU.Build.0 = Debug|Any CPU
		{77C15DC8-F748-438F-A28F-D95C770773C6}.Release|Any CPU.ActiveCfg = Release|Any CPU
		{77C15DC8-F748-438F-A28F-D95C770773C6}.Release|Any CPU.Build.0 = Release|Any CPU
		{47A8B5DB-DB55-4E49-8D19-F58C1C618807}.Debug|Any CPU.ActiveCfg = Debug|Any CPU
		{47A8B5DB-DB55-4E49-8D19-F58C1C618807}.Debug|Any CPU.Build.0 = Debug|Any CPU
		{47A8B5DB-DB55-4E49-8D19-F58C1C618807}.Release|Any CPU.ActiveCfg = Release|Any CPU
		{47A8B5DB-DB55-4E49-8D19-F58C1C618807}.Release|Any CPU.Build.0 = Release|Any CPU
		{42BB5DEA-E33B-40D1-ACEA-0DE636E4FA67}.Debug|Any CPU.ActiveCfg = Debug|Any CPU
		{42BB5DEA-E33B-40D1-ACEA-0DE636E4FA67}.Debug|Any CPU.Build.0 = Debug|Any CPU
		{42BB5DEA-E33B-40D1-ACEA-0DE636E4FA67}.Release|Any CPU.ActiveCfg = Release|Any CPU
		{42BB5DEA-E33B-40D1-ACEA-0DE636E4FA67}.Release|Any CPU.Build.0 = Release|Any CPU
		{58BF0946-478E-4BE8-AD7C-27FA99ABB566}.Debug|Any CPU.ActiveCfg = Debug|Any CPU
		{58BF0946-478E-4BE8-AD7C-27FA99ABB566}.Debug|Any CPU.Build.0 = Debug|Any CPU
		{58BF0946-478E-4BE8-AD7C-27FA99ABB566}.Release|Any CPU.ActiveCfg = Release|Any CPU
		{58BF0946-478E-4BE8-AD7C-27FA99ABB566}.Release|Any CPU.Build.0 = Release|Any CPU
		{47B8FA5B-AE83-4CA5-BF4F-4ADEBA77EC42}.Debug|Any CPU.ActiveCfg = Debug|Any CPU
		{47B8FA5B-AE83-4CA5-BF4F-4ADEBA77EC42}.Debug|Any CPU.Build.0 = Debug|Any CPU
		{47B8FA5B-AE83-4CA5-BF4F-4ADEBA77EC42}.Release|Any CPU.ActiveCfg = Release|Any CPU
		{47B8FA5B-AE83-4CA5-BF4F-4ADEBA77EC42}.Release|Any CPU.Build.0 = Release|Any CPU
	EndGlobalSection
	GlobalSection(SolutionProperties) = preSolution
		HideSolutionNode = FALSE
	EndGlobalSection
	GlobalSection(NestedProjects) = preSolution
		{3695E5D6-E8D0-40A2-A930-31B0468833AC} = {EE98356F-3288-4351-A215-3080E2AB411B}
		{FCBBC9E8-D183-4CB2-9D91-DA9CE268DA4F} = {EE98356F-3288-4351-A215-3080E2AB411B}
		{9396844F-FF35-4EBC-A4E1-7EB40AC287EA} = {FCBBC9E8-D183-4CB2-9D91-DA9CE268DA4F}
		{F9CC98A2-33D3-4A43-923C-29161116A7E7} = {FCBBC9E8-D183-4CB2-9D91-DA9CE268DA4F}
		{EB48A012-A56D-4077-A5A1-15F1C0A4C016} = {FCBBC9E8-D183-4CB2-9D91-DA9CE268DA4F}
		{632AD300-7113-4BE4-B2F1-CCDBD0B07BB0} = {FCBBC9E8-D183-4CB2-9D91-DA9CE268DA4F}
		{329624DC-EE3F-4E84-AFAF-5F36314A840A} = {FCBBC9E8-D183-4CB2-9D91-DA9CE268DA4F}
		{F9B037E3-344F-46C7-8C47-C90A81459F95} = {FCBBC9E8-D183-4CB2-9D91-DA9CE268DA4F}
		{B4EE4F05-4E7F-4A8D-B7A6-801750E0D40A} = {FCBBC9E8-D183-4CB2-9D91-DA9CE268DA4F}
		{A08E640A-D28E-44B5-A82D-334C039E6C77} = {FBC98ED7-3146-49EF-89E4-3FD275F92B5C}
		{24CF0A18-E652-4658-A9EF-8028AE500470} = {FBC98ED7-3146-49EF-89E4-3FD275F92B5C}
		{1C89BBA7-FCF5-4B6F-A726-809B3D509CF3} = {FBC98ED7-3146-49EF-89E4-3FD275F92B5C}
		{FAD9F1F9-D225-44AF-A287-4891D52116BA} = {FBC98ED7-3146-49EF-89E4-3FD275F92B5C}
		{C18DC782-71FD-43ED-817E-9CA6F9E67344} = {FBC98ED7-3146-49EF-89E4-3FD275F92B5C}
		{2BC888C5-DCC1-4217-BA9D-663308CB8E2F} = {FBC98ED7-3146-49EF-89E4-3FD275F92B5C}
		{FBC98ED7-3146-49EF-89E4-3FD275F92B5C} = {EE98356F-3288-4351-A215-3080E2AB411B}
		{57E6F55C-4D11-4192-8AF4-4A87AEB80A38} = {226C859D-2B6F-4A8F-9856-26673D32CB85}
		{6D9EB9ED-8DCC-4347-B677-033D7BACB082} = {226C859D-2B6F-4A8F-9856-26673D32CB85}
		{4EEB19C4-571D-4C56-8E59-843D51846229} = {226C859D-2B6F-4A8F-9856-26673D32CB85}
		{46025FF0-4351-4C45-9A16-C34749B4995C} = {226C859D-2B6F-4A8F-9856-26673D32CB85}
		{E8A2F2CB-BE96-404B-A7DB-0F6DF84562C7} = {226C859D-2B6F-4A8F-9856-26673D32CB85}
		{C612A708-488D-437F-84DF-EEE8D6A5E501} = {226C859D-2B6F-4A8F-9856-26673D32CB85}
		{226C859D-2B6F-4A8F-9856-26673D32CB85} = {EE98356F-3288-4351-A215-3080E2AB411B}
		{8CEB9D14-4FC0-4373-BC8E-C2B29E84489F} = {FBC98ED7-3146-49EF-89E4-3FD275F92B5C}
		{5147B846-8C84-469B-B663-50E43150AECC} = {FBC98ED7-3146-49EF-89E4-3FD275F92B5C}
		{AFF2AA23-A32B-4278-A3F0-B00BCEAAD03C} = {226C859D-2B6F-4A8F-9856-26673D32CB85}
		{1F81FE7F-EF0C-47EF-8D8E-BD6D1CBE6006} = {226C859D-2B6F-4A8F-9856-26673D32CB85}
		{B408D6BD-3BCF-4573-82EA-4DDB85F96419} = {A0F21E5A-C5AE-4DD2-BD75-AF409E751D28}
		{7461B26B-BB44-4BAD-A9CA-B311B0DC88A2} = {A0F21E5A-C5AE-4DD2-BD75-AF409E751D28}
		{491B79AF-F0AE-40E9-AB4D-3E0B973703BE} = {A0F21E5A-C5AE-4DD2-BD75-AF409E751D28}
		{5A61FDC9-499A-447D-B90F-16B74E67052A} = {A0F21E5A-C5AE-4DD2-BD75-AF409E751D28}
		{D4E55874-3704-4A24-8716-6C87AC55CB7F} = {A0F21E5A-C5AE-4DD2-BD75-AF409E751D28}
		{FCAC04FF-1ACE-4417-87C2-2E5626436E28} = {A0F21E5A-C5AE-4DD2-BD75-AF409E751D28}
		{3B4100D3-4AA7-4BC2-BB98-175CEAF4E70F} = {A0F21E5A-C5AE-4DD2-BD75-AF409E751D28}
		{A0F21E5A-C5AE-4DD2-BD75-AF409E751D28} = {EE98356F-3288-4351-A215-3080E2AB411B}
		{2BFC5718-25BD-4618-93F9-199F30694853} = {3695E5D6-E8D0-40A2-A930-31B0468833AC}
		{28A1F049-7F47-465F-A9E6-94F36DCF80C6} = {3695E5D6-E8D0-40A2-A930-31B0468833AC}
		{EF152A0B-C8FD-4D8C-947B-4E34AFCF5996} = {3695E5D6-E8D0-40A2-A930-31B0468833AC}
		{94176487-E6D0-4CA4-8A5F-E2A8F4CFC9F4} = {3695E5D6-E8D0-40A2-A930-31B0468833AC}
		{1DE0EE2C-AAD8-4D1B-962C-A0BEB0BDB3DE} = {3695E5D6-E8D0-40A2-A930-31B0468833AC}
		{42EEB31A-D473-487B-ACAD-24CB28277F96} = {3695E5D6-E8D0-40A2-A930-31B0468833AC}
		{6A79729E-355A-4F47-8A50-1AFDDFB17649} = {3695E5D6-E8D0-40A2-A930-31B0468833AC}
		{057C06C1-13F2-4AD9-AC92-2515A77A05F1} = {0934327A-8DB4-47BC-9E2E-B4236083D9A3}
		{221B57B8-BEE0-441C-9C36-571D7A422123} = {0934327A-8DB4-47BC-9E2E-B4236083D9A3}
		{EE20B394-F980-49F8-8ED6-D9B9CC3BF9DE} = {0934327A-8DB4-47BC-9E2E-B4236083D9A3}
		{5921B8E3-1B18-4E6A-9476-4B2DC40BFFFD} = {0934327A-8DB4-47BC-9E2E-B4236083D9A3}
		{FB6B738A-4075-4DF5-8087-DA2421ABBD44} = {0934327A-8DB4-47BC-9E2E-B4236083D9A3}
		{0429BD8E-ADFE-4D1B-94A0-A10182E4CA25} = {0934327A-8DB4-47BC-9E2E-B4236083D9A3}
		{77C15DC8-F748-438F-A28F-D95C770773C6} = {0934327A-8DB4-47BC-9E2E-B4236083D9A3}
		{0934327A-8DB4-47BC-9E2E-B4236083D9A3} = {EE98356F-3288-4351-A215-3080E2AB411B}
		{47A8B5DB-DB55-4E49-8D19-F58C1C618807} = {A0F21E5A-C5AE-4DD2-BD75-AF409E751D28}
		{42BB5DEA-E33B-40D1-ACEA-0DE636E4FA67} = {FCBBC9E8-D183-4CB2-9D91-DA9CE268DA4F}
		{58BF0946-478E-4BE8-AD7C-27FA99ABB566} = {3695E5D6-E8D0-40A2-A930-31B0468833AC}
		{47B8FA5B-AE83-4CA5-BF4F-4ADEBA77EC42} = {0934327A-8DB4-47BC-9E2E-B4236083D9A3}
	EndGlobalSection
EndGlobal
